{
    "_readme": [
        "This file locks the dependencies of your project to a known state",
        "Read more about it at https://getcomposer.org/doc/01-basic-usage.md#composer-lock-the-lock-file",
        "This file is @generated automatically"
    ],
    "content-hash": "d0e63940c3ca55e85071e1133b211ec5",
    "packages": [
        {
            "name": "phalcon/zephir",
            "version": "0.9.11",
            "source": {
                "type": "git",
                "url": "https://github.com/phalcon/zephir.git",
                "reference": "534bd284df93e1c36c9893d8bd2ef270b207a55b"
            },
            "dist": {
                "type": "zip",
                "url": "https://api.github.com/repos/phalcon/zephir/zipball/534bd284df93e1c36c9893d8bd2ef270b207a55b",
                "reference": "534bd284df93e1c36c9893d8bd2ef270b207a55b",
                "shasum": ""
            },
            "require": {
                "ext-ctype": "*",
                "ext-hash": "*",
                "ext-json": "*",
                "ext-xml": "*",
                "php": ">=5.4"
            },
            "require-dev": {
                "ext-gmp": "*",
                "ext-pdo": "*",
                "ext-pdo_sqlite": "*",
                "phpunit/phpunit": "^4.8",
                "squizlabs/php_codesniffer": "^2.8"
            },
            "bin": [
                "bin/zephir"
            ],
            "type": "library",
            "extra": {
                "branch-alias": {
                    "dev-master": "1.0-dev"
                }
            },
            "autoload": {
                "psr-4": {
                    "Zephir\\": "Library"
                }
            },
            "notification-url": "https://packagist.org/downloads/",
            "license": [
                "MIT"
            ],
            "authors": [
                {
                    "name": "Contributors",
                    "homepage": "https://github.com/phalcon/zephir/graphs/contributors"
                },
                {
                    "name": "Zephir Team",
                    "email": "team@phalconphp.com",
                    "homepage": "https://zephir-lang.com/"
                }
            ],
            "description": "Zephir is a compiled high level language aimed to the creation of C-extensions for PHP",
            "homepage": "https://zephir-lang.com/",
            "keywords": [
                "extension",
                "phalcon",
                "zephir"
            ],
            "time": "2017-08-02T16:42:58+00:00"
        },
        {
            "name": "techpivot/phalcon-ci-installer",
            "version": "1.0.7",
            "source": {
                "type": "git",
                "url": "https://github.com/techpivot/phalcon-ci-installer.git",
                "reference": "b5a827e97fffe7259b92eae73161125ab5acbf4c"
            },
            "dist": {
                "type": "zip",
                "url": "https://api.github.com/repos/techpivot/phalcon-ci-installer/zipball/b5a827e97fffe7259b92eae73161125ab5acbf4c",
                "reference": "b5a827e97fffe7259b92eae73161125ab5acbf4c",
                "shasum": ""
            },
            "require": {
                "phalcon/zephir": "^0.9.6",
                "php": "^5.4|^5.5|^5.6|^7.0"
            },
            "require-dev": {
                "phpunit/phpunit": "~3.7"
            },
            "bin": [
                "bin/install-phalcon.sh"
            ],
            "type": "library",
            "notification-url": "https://packagist.org/downloads/",
            "license": [
                "MIT"
            ],
            "description": "Composer integration for PHP applications to install the Phalcon framework as an extension in the PHP runtime for various hosted CI services including TravisCI, CircleCI, Scrutinizer, Shippable and Codeship.",
            "keywords": [
                "CircleCI",
                "Codeship",
                "ScrutinizerCI",
                "TechPivot",
                "continuous integration",
                "phalcon",
                "php",
                "shippable",
                "travisci"
            ],
            "time": "2017-04-07T13:52:17+00:00"
        }
    ],
    "packages-dev": [],
    "aliases": [],
    "minimum-stability": "stable",
    "stability-flags": [],
    "prefer-stable": false,
    "prefer-lowest": false,
    "platform": [],
    "platform-dev": []
}
